
Microsoft Visual Studio Solution File, Format Version 12.00
# Visual Studio Version 17
VisualStudioVersion = 17.4.33110.190
MinimumVisualStudioVersion = 10.0.40219.1
Project("{FAE04EC0-301F-11D3-BF4B-00C04F79EFBC}") = "LeedCode", "LeedCode\LeedCode.csproj", "{3F3E90FB-8D7E-4568-A9CF-0E39D93E04AC}"
EndProject
Project("{FAE04EC0-301F-11D3-BF4B-00C04F79EFBC}") = "KaratWalmart", "KaratWalmart\KaratWalmart.csproj", "{3AAFD1A6-E9AC-4421-9343-C4FDBDC53EEC}"
EndProject
Project("{9A19103F-16F7-4668-BE54-9A1E7A4F7556}") = "TestAppWinFrm", "TestAppWinFrm\TestAppWinFrm.csproj", "{D6AE0500-7B26-4ECF-AD73-90B9202D230A}"
EndProject
Global
	GlobalSection(SolutionConfigurationPlatforms) = preSolution
		Debug|Any CPU = Debug|Any CPU
		Release|Any CPU = Release|Any CPU
	EndGlobalSection
	GlobalSection(ProjectConfigurationPlatforms) = postSolution
		{3F3E90FB-8D7E-4568-A9CF-0E39D93E04AC}.Debug|Any CPU.ActiveCfg = Debug|Any CPU
		{3F3E90FB-8D7E-4568-A9CF-0E39D93E04AC}.Debug|Any CPU.Build.0 = Debug|Any CPU
		{3F3E90FB-8D7E-4568-A9CF-0E39D93E04AC}.Release|Any CPU.ActiveCfg = Release|Any CPU
		{3F3E90FB-8D7E-4568-A9CF-0E39D93E04AC}.Release|Any CPU.Build.0 = Release|Any CPU
		{3AAFD1A6-E9AC-4421-9343-C4FDBDC53EEC}.Debug|Any CPU.ActiveCfg = Debug|Any CPU
		{3AAFD1A6-E9AC-4421-9343-C4FDBDC53EEC}.Debug|Any CPU.Build.0 = Debug|Any CPU
		{3AAFD1A6-E9AC-4421-9343-C4FDBDC53EEC}.Release|Any CPU.ActiveCfg = Release|Any CPU
		{3AAFD1A6-E9AC-4421-9343-C4FDBDC53EEC}.Release|Any CPU.Build.0 = Release|Any CPU
		{D6AE0500-7B26-4ECF-AD73-90B9202D230A}.Debug|Any CPU.ActiveCfg = Debug|Any CPU
		{D6AE0500-7B26-4ECF-AD73-90B9202D230A}.Debug|Any CPU.Build.0 = Debug|Any CPU
		{D6AE0500-7B26-4ECF-AD73-90B9202D230A}.Release|Any CPU.ActiveCfg = Release|Any CPU
		{D6AE0500-7B26-4ECF-AD73-90B9202D230A}.Release|Any CPU.Build.0 = Release|Any CPU
	EndGlobalSection
	GlobalSection(SolutionProperties) = preSolution
		HideSolutionNode = FALSE
	EndGlobalSection
	GlobalSection(ExtensibilityGlobals) = postSolution
		SolutionGuid = {2B3E07E3-3B4D-41BE-AAC6-049E365A774D}
	EndGlobalSection
EndGlobal
